
Microsoft Visual Studio Solution File, Format Version 12.00
# Visual Studio Version 17
VisualStudioVersion = 17.6.33815.320
MinimumVisualStudioVersion = 10.0.40219.1
Project("{9A19103F-16F7-4668-BE54-9A1E7A4F7556}") = "MetroDelivery.Domain", "Core\MetroDelivery.Domain\MetroDelivery.Domain.csproj", "{C15F1C04-57DB-48C7-8A1B-607A3B1690E5}"
EndProject
Project("{9A19103F-16F7-4668-BE54-9A1E7A4F7556}") = "MetroDelivery.Application", "Application\MetroDelivery.Application\MetroDelivery.Application.csproj", "{9E66CABE-936D-4E9A-BFD5-BE94E7FB4CA9}"
EndProject
Project("{9A19103F-16F7-4668-BE54-9A1E7A4F7556}") = "MetroDelivery.API", "MetroDelivery.API\MetroDelivery.API.csproj", "{7129271E-F6E7-463A-A453-F044FD39954F}"
EndProject
Project("{2150E333-8FDC-42A3-9474-1A3956D46DE8}") = "Application", "Application", "{12780DF3-A1C5-4DE4-832F-A789601B8265}"
EndProject
Project("{2150E333-8FDC-42A3-9474-1A3956D46DE8}") = "Core", "Core", "{6874C67C-CCA2-4167-B50E-C66D1ACBE84E}"
EndProject
Project("{2150E333-8FDC-42A3-9474-1A3956D46DE8}") = "Infrastucture", "Infrastucture", "{2C56BD38-3FC4-47D8-9B45-781FC5B747BE}"
EndProject
Project("{9A19103F-16F7-4668-BE54-9A1E7A4F7556}") = "MetroDelivery.Infrastructure", "Infrastructure\MetroDelivery.Infrastructure\MetroDelivery.Infrastructure.csproj", "{FB9ABD6A-84FC-45DF-9E7E-33875DC7A983}"
EndProject
Project("{9A19103F-16F7-4668-BE54-9A1E7A4F7556}") = "MetroDelivery.Identity", "Infrastructure\MetroDelivery.Identity\MetroDelivery.Identity.csproj", "{62B1C022-FE6E-47CF-A61B-5F0602247B3C}"
EndProject
Global
	GlobalSection(SolutionConfigurationPlatforms) = preSolution
		Debug|Any CPU = Debug|Any CPU
		Release|Any CPU = Release|Any CPU
	EndGlobalSection
	GlobalSection(ProjectConfigurationPlatforms) = postSolution
		{C15F1C04-57DB-48C7-8A1B-607A3B1690E5}.Debug|Any CPU.ActiveCfg = Debug|Any CPU
		{C15F1C04-57DB-48C7-8A1B-607A3B1690E5}.Debug|Any CPU.Build.0 = Debug|Any CPU
		{C15F1C04-57DB-48C7-8A1B-607A3B1690E5}.Release|Any CPU.ActiveCfg = Release|Any CPU
		{C15F1C04-57DB-48C7-8A1B-607A3B1690E5}.Release|Any CPU.Build.0 = Release|Any CPU
		{9E66CABE-936D-4E9A-BFD5-BE94E7FB4CA9}.Debug|Any CPU.ActiveCfg = Debug|Any CPU
		{9E66CABE-936D-4E9A-BFD5-BE94E7FB4CA9}.Debug|Any CPU.Build.0 = Debug|Any CPU
		{9E66CABE-936D-4E9A-BFD5-BE94E7FB4CA9}.Release|Any CPU.ActiveCfg = Release|Any CPU
		{9E66CABE-936D-4E9A-BFD5-BE94E7FB4CA9}.Release|Any CPU.Build.0 = Release|Any CPU
		{7129271E-F6E7-463A-A453-F044FD39954F}.Debug|Any CPU.ActiveCfg = Debug|Any CPU
		{7129271E-F6E7-463A-A453-F044FD39954F}.Debug|Any CPU.Build.0 = Debug|Any CPU
		{7129271E-F6E7-463A-A453-F044FD39954F}.Release|Any CPU.ActiveCfg = Release|Any CPU
		{7129271E-F6E7-463A-A453-F044FD39954F}.Release|Any CPU.Build.0 = Release|Any CPU
		{FB9ABD6A-84FC-45DF-9E7E-33875DC7A983}.Debug|Any CPU.ActiveCfg = Debug|Any CPU
		{FB9ABD6A-84FC-45DF-9E7E-33875DC7A983}.Debug|Any CPU.Build.0 = Debug|Any CPU
		{FB9ABD6A-84FC-45DF-9E7E-33875DC7A983}.Release|Any CPU.ActiveCfg = Release|Any CPU
		{FB9ABD6A-84FC-45DF-9E7E-33875DC7A983}.Release|Any CPU.Build.0 = Release|Any CPU
		{62B1C022-FE6E-47CF-A61B-5F0602247B3C}.Debug|Any CPU.ActiveCfg = Debug|Any CPU
		{62B1C022-FE6E-47CF-A61B-5F0602247B3C}.Debug|Any CPU.Build.0 = Debug|Any CPU
		{62B1C022-FE6E-47CF-A61B-5F0602247B3C}.Release|Any CPU.ActiveCfg = Release|Any CPU
		{62B1C022-FE6E-47CF-A61B-5F0602247B3C}.Release|Any CPU.Build.0 = Release|Any CPU
	EndGlobalSection
	GlobalSection(SolutionProperties) = preSolution
		HideSolutionNode = FALSE
	EndGlobalSection
	GlobalSection(NestedProjects) = preSolution
		{C15F1C04-57DB-48C7-8A1B-607A3B1690E5} = {6874C67C-CCA2-4167-B50E-C66D1ACBE84E}
		{9E66CABE-936D-4E9A-BFD5-BE94E7FB4CA9} = {12780DF3-A1C5-4DE4-832F-A789601B8265}
		{FB9ABD6A-84FC-45DF-9E7E-33875DC7A983} = {2C56BD38-3FC4-47D8-9B45-781FC5B747BE}
		{62B1C022-FE6E-47CF-A61B-5F0602247B3C} = {2C56BD38-3FC4-47D8-9B45-781FC5B747BE}
	EndGlobalSection
	GlobalSection(ExtensibilityGlobals) = postSolution
		SolutionGuid = {409524FF-49FD-4FCE-9481-24318C00D027}
	EndGlobalSection
EndGlobal
